{
  "object": {
    "pins": [
      {
        "package": "MB_Button",
        "repositoryURL": "https://github.com/Bejil/MB_Button",
        "state": {
          "branch": null,
          "revision": "969db05db324aa6ad7f32607fb553a87dd629653",
          "version": "1.0.20"
        }
      },
      {
        "package": "SnapKit",
        "repositoryURL": "https://github.com/SnapKit/SnapKit.git",
        "state": {
          "branch": null,
          "revision": "d458564516e5676af9c70b4f4b2a9178294f1bc6",
          "version": "5.0.1"
        }
      }
    ]
  },
  "version": 1
}
